
Microsoft Visual Studio Solution File, Format Version 12.00
# Visual Studio 15
VisualStudioVersion = 15.0.27130.2027
MinimumVisualStudioVersion = 10.0.40219.1
Project("{9A19103F-16F7-4668-BE54-9A1E7A4F7556}") = "AWSLambda1", "AWSLambda1\AWSLambda1.csproj", "{7B7CF7EA-AB58-4A48-9394-FC940D3A8EE6}"
EndProject
Project("{FAE04EC0-301F-11D3-BF4B-00C04F79EFBC}") = "ConsoleApp1", "ConsoleApp1\ConsoleApp1.csproj", "{96809621-74AD-406E-8A3E-6B20B75595A8}"
EndProject
Global
	GlobalSection(SolutionConfigurationPlatforms) = preSolution
		Debug|Any CPU = Debug|Any CPU
		Release|Any CPU = Release|Any CPU
	EndGlobalSection
	GlobalSection(ProjectConfigurationPlatforms) = postSolution
		{7B7CF7EA-AB58-4A48-9394-FC940D3A8EE6}.Debug|Any CPU.ActiveCfg = Debug|Any CPU
		{7B7CF7EA-AB58-4A48-9394-FC940D3A8EE6}.Debug|Any CPU.Build.0 = Debug|Any CPU
		{7B7CF7EA-AB58-4A48-9394-FC940D3A8EE6}.Release|Any CPU.ActiveCfg = Release|Any CPU
		{7B7CF7EA-AB58-4A48-9394-FC940D3A8EE6}.Release|Any CPU.Build.0 = Release|Any CPU
		{96809621-74AD-406E-8A3E-6B20B75595A8}.Debug|Any CPU.ActiveCfg = Debug|Any CPU
		{96809621-74AD-406E-8A3E-6B20B75595A8}.Debug|Any CPU.Build.0 = Debug|Any CPU
		{96809621-74AD-406E-8A3E-6B20B75595A8}.Release|Any CPU.ActiveCfg = Release|Any CPU
		{96809621-74AD-406E-8A3E-6B20B75595A8}.Release|Any CPU.Build.0 = Release|Any CPU
	EndGlobalSection
	GlobalSection(SolutionProperties) = preSolution
		HideSolutionNode = FALSE
	EndGlobalSection
	GlobalSection(ExtensibilityGlobals) = postSolution
		SolutionGuid = {6DE5226C-ED38-43D8-8841-7E494DF54C13}
	EndGlobalSection
EndGlobal
